
Microsoft Visual Studio Solution File, Format Version 12.00
# Visual Studio Version 17
VisualStudioVersion = 17.0.32014.148
MinimumVisualStudioVersion = 10.0.40219.1
Project("{FAE04EC0-301F-11D3-BF4B-00C04F79EFBC}") = "Server", "Server\Server.csproj", "{24A63307-69E4-463A-A930-ED345D444342}"
EndProject
Project("{FAE04EC0-301F-11D3-BF4B-00C04F79EFBC}") = "Client", "Client\Client.csproj", "{2030E763-F85B-42F6-B944-5903A705776C}"
EndProject
Project("{888888A0-9F3D-457C-B088-3A5042F75D52}") = "ServerAppPython", "ServerAppPython\ServerAppPython.pyproj", "{259E7DAD-38EA-4C2E-B625-4422EB7B946B}"
EndProject
Global
	GlobalSection(SolutionConfigurationPlatforms) = preSolution
		Debug|Any CPU = Debug|Any CPU
		Release|Any CPU = Release|Any CPU
	EndGlobalSection
	GlobalSection(ProjectConfigurationPlatforms) = postSolution
		{24A63307-69E4-463A-A930-ED345D444342}.Debug|Any CPU.ActiveCfg = Debug|Any CPU
		{24A63307-69E4-463A-A930-ED345D444342}.Debug|Any CPU.Build.0 = Debug|Any CPU
		{24A63307-69E4-463A-A930-ED345D444342}.Release|Any CPU.ActiveCfg = Release|Any CPU
		{24A63307-69E4-463A-A930-ED345D444342}.Release|Any CPU.Build.0 = Release|Any CPU
		{2030E763-F85B-42F6-B944-5903A705776C}.Debug|Any CPU.ActiveCfg = Debug|Any CPU
		{2030E763-F85B-42F6-B944-5903A705776C}.Debug|Any CPU.Build.0 = Debug|Any CPU
		{2030E763-F85B-42F6-B944-5903A705776C}.Release|Any CPU.ActiveCfg = Release|Any CPU
		{2030E763-F85B-42F6-B944-5903A705776C}.Release|Any CPU.Build.0 = Release|Any CPU
		{259E7DAD-38EA-4C2E-B625-4422EB7B946B}.Debug|Any CPU.ActiveCfg = Debug|Any CPU
		{259E7DAD-38EA-4C2E-B625-4422EB7B946B}.Release|Any CPU.ActiveCfg = Release|Any CPU
	EndGlobalSection
	GlobalSection(SolutionProperties) = preSolution
		HideSolutionNode = FALSE
	EndGlobalSection
	GlobalSection(ExtensibilityGlobals) = postSolution
		SolutionGuid = {1B8151B6-EF24-4B8C-BC86-EE7D58DC63F8}
	EndGlobalSection
EndGlobal
